
Microsoft Visual Studio Solution File, Format Version 12.00
# Visual Studio 14
VisualStudioVersion = 14.0.24720.0
MinimumVisualStudioVersion = 10.0.40219.1
Project("{FAE04EC0-301F-11D3-BF4B-00C04F79EFBC}") = "WebUni", "WebUni.csproj", "{CDB6D456-59E4-4C44-BBCF-8FFC2ACFC3AE}"
EndProject
Global
	GlobalSection(SolutionConfigurationPlatforms) = preSolution
		Debug|Any CPU = Debug|Any CPU
		Release|Any CPU = Release|Any CPU
	EndGlobalSection
	GlobalSection(ProjectConfigurationPlatforms) = postSolution
		{CDB6D456-59E4-4C44-BBCF-8FFC2ACFC3AE}.Debug|Any CPU.ActiveCfg = Debug|Any CPU
		{CDB6D456-59E4-4C44-BBCF-8FFC2ACFC3AE}.Debug|Any CPU.Build.0 = Debug|Any CPU
		{CDB6D456-59E4-4C44-BBCF-8FFC2ACFC3AE}.Release|Any CPU.ActiveCfg = Release|Any CPU
		{CDB6D456-59E4-4C44-BBCF-8FFC2ACFC3AE}.Release|Any CPU.Build.0 = Release|Any CPU
	EndGlobalSection
	GlobalSection(SolutionProperties) = preSolution
		HideSolutionNode = FALSE
	EndGlobalSection
EndGlobal
